
Microsoft Visual Studio Solution File, Format Version 12.00
# Visual Studio Version 17
VisualStudioVersion = 17.11.35219.272
MinimumVisualStudioVersion = 10.0.40219.1
Project("{FAE04EC0-301F-11D3-BF4B-00C04F79EFBC}") = "ResxTranslate", "ResxTranslate.csproj", "{77ADEAFB-17A0-4795-9732-47FDFF22EC5A}"
EndProject
Global
	GlobalSection(SolutionConfigurationPlatforms) = preSolution
		Debug|Any CPU = Debug|Any CPU
		Release|Any CPU = Release|Any CPU
	EndGlobalSection
	GlobalSection(ProjectConfigurationPlatforms) = postSolution
		{77ADEAFB-17A0-4795-9732-47FDFF22EC5A}.Debug|Any CPU.ActiveCfg = Debug|Any CPU
		{77ADEAFB-17A0-4795-9732-47FDFF22EC5A}.Debug|Any CPU.Build.0 = Debug|Any CPU
		{77ADEAFB-17A0-4795-9732-47FDFF22EC5A}.Release|Any CPU.ActiveCfg = Release|Any CPU
		{77ADEAFB-17A0-4795-9732-47FDFF22EC5A}.Release|Any CPU.Build.0 = Release|Any CPU
	EndGlobalSection
	GlobalSection(SolutionProperties) = preSolution
		HideSolutionNode = FALSE
	EndGlobalSection
	GlobalSection(ExtensibilityGlobals) = postSolution
		SolutionGuid = {2942C680-C12C-47DA-AEF3-8512FE8B580C}
	EndGlobalSection
EndGlobal
